
Microsoft Visual Studio Solution File, Format Version 12.00
# Visual Studio Version 18
VisualStudioVersion = 18.4.11626.88 stable
MinimumVisualStudioVersion = 10.0.40219.1
Project("{FAE04EC0-301F-11D3-BF4B-00C04F79EFBC}") = "IletimHatti", "IletimHatti.csproj", "{FD8CAD21-72B0-E54F-5199-25F4F225F24D}"
EndProject
Global
	GlobalSection(SolutionConfigurationPlatforms) = preSolution
		Debug|Any CPU = Debug|Any CPU
		Release|Any CPU = Release|Any CPU
	EndGlobalSection
	GlobalSection(ProjectConfigurationPlatforms) = postSolution
		{FD8CAD21-72B0-E54F-5199-25F4F225F24D}.Debug|Any CPU.ActiveCfg = Debug|Any CPU
		{FD8CAD21-72B0-E54F-5199-25F4F225F24D}.Debug|Any CPU.Build.0 = Debug|Any CPU
		{FD8CAD21-72B0-E54F-5199-25F4F225F24D}.Release|Any CPU.ActiveCfg = Release|Any CPU
		{FD8CAD21-72B0-E54F-5199-25F4F225F24D}.Release|Any CPU.Build.0 = Release|Any CPU
	EndGlobalSection
	GlobalSection(SolutionProperties) = preSolution
		HideSolutionNode = FALSE
	EndGlobalSection
	GlobalSection(ExtensibilityGlobals) = postSolution
		SolutionGuid = {E49CAB5E-D06E-4D78-B01E-2C7D271FEB72}
	EndGlobalSection
EndGlobal
